// !$*UTF8*$!
{
	archiveVersion = 1;
	classes = {
	};
	objectVersion = 50;
	objects = {

/* Begin PBXBuildFile section */
		029840E02350316B008B0CD8 /* AppDelegate.swift in Sources */ = {isa = PBXBuildFile; fileRef = 029840DF2350316B008B0CD8 /* AppDelegate.swift */; };
		029840E22350316B008B0CD8 /* SceneDelegate.swift in Sources */ = {isa = PBXBuildFile; fileRef = 029840E12350316B008B0CD8 /* SceneDelegate.swift */; };
		029840E42350316B008B0CD8 /* ContentView.swift in Sources */ = {isa = PBXBuildFile; fileRef = 029840E32350316B008B0CD8 /* ContentView.swift */; };
		029840E62350316D008B0CD8 /* Assets.xcassets in Resources */ = {isa = PBXBuildFile; fileRef = 029840E52350316D008B0CD8 /* Assets.xcassets */; };
		029840E92350316D008B0CD8 /* Preview Assets.xcassets in Resources */ = {isa = PBXBuildFile; fileRef = 029840E82350316D008B0CD8 /* Preview Assets.xcassets */; };
		029840EC2350316D008B0CD8 /* LaunchScreen.storyboard in Resources */ = {isa = PBXBuildFile; fileRef = 029840EA2350316D008B0CD8 /* LaunchScreen.storyboard */; };
		02DAFBD9235032C300F6FD3F /* README.txt in Resources */ = {isa = PBXBuildFile; fileRef = 02DAFBD7235032C300F6FD3F /* README.txt */; };
		02DAFBDA235032C300F6FD3F /* libWeChatSDK.a in Frameworks */ = {isa = PBXBuildFile; fileRef = 02DAFBD8235032C300F6FD3F /* libWeChatSDK.a */; };
		02DAFBDC23505EE300F6FD3F /* WXApiHandler.swift in Sources */ = {isa = PBXBuildFile; fileRef = 02DAFBDB23505EE300F6FD3F /* WXApiHandler.swift */; };
		02DAFBDF23506AE300F6FD3F /* CFNetwork.framework in Frameworks */ = {isa = PBXBuildFile; fileRef = 02DAFBDE23506AE200F6FD3F /* CFNetwork.framework */; };
		02DAFBE123506AEB00F6FD3F /* CoreGraphics.framework in Frameworks */ = {isa = PBXBuildFile; fileRef = 02DAFBE023506AEB00F6FD3F /* CoreGraphics.framework */; };
		02DAFBE323506AF300F6FD3F /* CoreTelephony.framework in Frameworks */ = {isa = PBXBuildFile; fileRef = 02DAFBE223506AF300F6FD3F /* CoreTelephony.framework */; };
		02DAFBE523506AFC00F6FD3F /* Foundation.framework in Frameworks */ = {isa = PBXBuildFile; fileRef = 02DAFBE423506AFC00F6FD3F /* Foundation.framework */; };
		02DAFBE723506B1700F6FD3F /* libsqlite3.0.tbd in Frameworks */ = {isa = PBXBuildFile; fileRef = 02DAFBE623506B0600F6FD3F /* libsqlite3.0.tbd */; };
		02DAFBE923506B2F00F6FD3F /* libz.tbd in Frameworks */ = {isa = PBXBuildFile; fileRef = 02DAFBE823506B2300F6FD3F /* libz.tbd */; };
		02DAFBEB23506B5900F6FD3F /* Security.framework in Frameworks */ = {isa = PBXBuildFile; fileRef = 02DAFBEA23506B5900F6FD3F /* Security.framework */; };
		02DAFBED23506B6800F6FD3F /* SystemConfiguration.framework in Frameworks */ = {isa = PBXBuildFile; fileRef = 02DAFBEC23506B6800F6FD3F /* SystemConfiguration.framework */; };
		02DAFBEF23506B7100F6FD3F /* UIKit.framework in Frameworks */ = {isa = PBXBuildFile; fileRef = 02DAFBEE23506B7100F6FD3F /* UIKit.framework */; };
		02DAFBF123506B7600F6FD3F /* WebKit.framework in Frameworks */ = {isa = PBXBuildFile; fileRef = 02DAFBF023506B7600F6FD3F /* WebKit.framework */; };
		02DAFBF623541AE200F6FD3F /* ContentViewModel.swift in Sources */ = {isa = PBXBuildFile; fileRef = 02DAFBF523541AE200F6FD3F /* ContentViewModel.swift */; };
		02DAFBF82354246500F6FD3F /* URLSessionExtension.swift in Sources */ = {isa = PBXBuildFile; fileRef = 02DAFBF72354246500F6FD3F /* URLSessionExtension.swift */; };
		02DAFBFA235424A200F6FD3F /* PublisherExtension.swift in Sources */ = {isa = PBXBuildFile; fileRef = 02DAFBF9235424A200F6FD3F /* PublisherExtension.swift */; };
		02DAFBFC23545B5E00F6FD3F /* LoadingView.swift in Sources */ = {isa = PBXBuildFile; fileRef = 02DAFBFB23545B5E00F6FD3F /* LoadingView.swift */; };
		02DAFBFE2355A14700F6FD3F /* libc++.1.tbd in Frameworks */ = {isa = PBXBuildFile; fileRef = 02DAFBFD2355A13F00F6FD3F /* libc++.1.tbd */; };
		02DAFC012355A86600F6FD3F /* PayReqContainer.swift in Sources */ = {isa = PBXBuildFile; fileRef = 02DAFC002355A86600F6FD3F /* PayReqContainer.swift */; };
/* End PBXBuildFile section */

/* Begin PBXFileReference section */
		029840DC2350316B008B0CD8 /* WeChatPaySwiftUI.app */ = {isa = PBXFileReference; explicitFileType = wrapper.application; includeInIndex = 0; path = WeChatPaySwiftUI.app; sourceTree = BUILT_PRODUCTS_DIR; };
		029840DF2350316B008B0CD8 /* AppDelegate.swift */ = {isa = PBXFileReference; lastKnownFileType = sourcecode.swift; path = AppDelegate.swift; sourceTree = "<group>"; };
		029840E12350316B008B0CD8 /* SceneDelegate.swift */ = {isa = PBXFileReference; lastKnownFileType = sourcecode.swift; path = SceneDelegate.swift; sourceTree = "<group>"; };
		029840E32350316B008B0CD8 /* ContentView.swift */ = {isa = PBXFileReference; lastKnownFileType = sourcecode.swift; path = ContentView.swift; sourceTree = "<group>"; };
		029840E52350316D008B0CD8 /* Assets.xcassets */ = {isa = PBXFileReference; lastKnownFileType = folder.assetcatalog; path = Assets.xcassets; sourceTree = "<group>"; };
		029840E82350316D008B0CD8 /* Preview Assets.xcassets */ = {isa = PBXFileReference; lastKnownFileType = folder.assetcatalog; path = "Preview Assets.xcassets"; sourceTree = "<group>"; };
		029840EB2350316D008B0CD8 /* Base */ = {isa = PBXFileReference; lastKnownFileType = file.storyboard; name = Base; path = Base.lproj/LaunchScreen.storyboard; sourceTree = "<group>"; };
		029840ED2350316D008B0CD8 /* Info.plist */ = {isa = PBXFileReference; lastKnownFileType = text.plist.xml; path = Info.plist; sourceTree = "<group>"; };
		02DAFBCF2350327A00F6FD3F /* WeChatPaySwiftUI-Bridging-Header.h */ = {isa = PBXFileReference; lastKnownFileType = sourcecode.c.h; path = "WeChatPaySwiftUI-Bridging-Header.h"; sourceTree = "<group>"; };
		02DAFBD4235032C300F6FD3F /* WXApiObject.h */ = {isa = PBXFileReference; fileEncoding = 4; lastKnownFileType = sourcecode.c.h; path = WXApiObject.h; sourceTree = "<group>"; };
		02DAFBD5235032C300F6FD3F /* WXApi.h */ = {isa = PBXFileReference; fileEncoding = 4; lastKnownFileType = sourcecode.c.h; path = WXApi.h; sourceTree = "<group>"; };
		02DAFBD6235032C300F6FD3F /* WechatAuthSDK.h */ = {isa = PBXFileReference; fileEncoding = 4; lastKnownFileType = sourcecode.c.h; path = WechatAuthSDK.h; sourceTree = "<group>"; };
		02DAFBD7235032C300F6FD3F /* README.txt */ = {isa = PBXFileReference; fileEncoding = 4; lastKnownFileType = text; path = README.txt; sourceTree = "<group>"; };
		02DAFBD8235032C300F6FD3F /* libWeChatSDK.a */ = {isa = PBXFileReference; lastKnownFileType = archive.ar; path = libWeChatSDK.a; sourceTree = "<group>"; };
		02DAFBDB23505EE300F6FD3F /* WXApiHandler.swift */ = {isa = PBXFileReference; lastKnownFileType = sourcecode.swift; path = WXApiHandler.swift; sourceTree = "<group>"; };
		02DAFBDE23506AE200F6FD3F /* CFNetwork.framework */ = {isa = PBXFileReference; lastKnownFileType = wrapper.framework; name = CFNetwork.framework; path = System/Library/Frameworks/CFNetwork.framework; sourceTree = SDKROOT; };
		02DAFBE023506AEB00F6FD3F /* CoreGraphics.framework */ = {isa = PBXFileReference; lastKnownFileType = wrapper.framework; name = CoreGraphics.framework; path = System/Library/Frameworks/CoreGraphics.framework; sourceTree = SDKROOT; };
		02DAFBE223506AF300F6FD3F /* CoreTelephony.framework */ = {isa = PBXFileReference; lastKnownFileType = wrapper.framework; name = CoreTelephony.framework; path = System/Library/Frameworks/CoreTelephony.framework; sourceTree = SDKROOT; };
		02DAFBE423506AFC00F6FD3F /* Foundation.framework */ = {isa = PBXFileReference; lastKnownFileType = wrapper.framework; name = Foundation.framework; path = System/Library/Frameworks/Foundation.framework; sourceTree = SDKROOT; };
		02DAFBE623506B0600F6FD3F /* libsqlite3.0.tbd */ = {isa = PBXFileReference; lastKnownFileType = "sourcecode.text-based-dylib-definition"; name = libsqlite3.0.tbd; path = usr/lib/libsqlite3.0.tbd; sourceTree = SDKROOT; };
		02DAFBE823506B2300F6FD3F /* libz.tbd */ = {isa = PBXFileReference; lastKnownFileType = "sourcecode.text-based-dylib-definition"; name = libz.tbd; path = usr/lib/libz.tbd; sourceTree = SDKROOT; };
		02DAFBEA23506B5900F6FD3F /* Security.framework */ = {isa = PBXFileReference; lastKnownFileType = wrapper.framework; name = Security.framework; path = System/Library/Frameworks/Security.framework; sourceTree = SDKROOT; };
		02DAFBEC23506B6800F6FD3F /* SystemConfiguration.framework */ = {isa = PBXFileReference; lastKnownFileType = wrapper.framework; name = SystemConfiguration.framework; path = System/Library/Frameworks/SystemConfiguration.framework; sourceTree = SDKROOT; };
		02DAFBEE23506B7100F6FD3F /* UIKit.framework */ = {isa = PBXFileReference; lastKnownFileType = wrapper.framework; name = UIKit.framework; path = System/Library/Frameworks/UIKit.framework; sourceTree = SDKROOT; };
		02DAFBF023506B7600F6FD3F /* WebKit.framework */ = {isa = PBXFileReference; lastKnownFileType = wrapper.framework; name = WebKit.framework; path = System/Library/Frameworks/WebKit.framework; sourceTree = SDKROOT; };
		02DAFBF223506BB400F6FD3F /* libc++.tbd */ = {isa = PBXFileReference; lastKnownFileType = "sourcecode.text-based-dylib-definition"; name = "libc++.tbd"; path = "usr/lib/libc++.tbd"; sourceTree = SDKROOT; };
		02DAFBF423506BE300F6FD3F /* WeChatPaySwiftUI.entitlements */ = {isa = PBXFileReference; lastKnownFileType = text.plist.entitlements; path = WeChatPaySwiftUI.entitlements; sourceTree = "<group>"; };
		02DAFBF523541AE200F6FD3F /* ContentViewModel.swift */ = {isa = PBXFileReference; lastKnownFileType = sourcecode.swift; path = ContentViewModel.swift; sourceTree = "<group>"; };
		02DAFBF72354246500F6FD3F /* URLSessionExtension.swift */ = {isa = PBXFileReference; lastKnownFileType = sourcecode.swift; path = URLSessionExtension.swift; sourceTree = "<group>"; };
		02DAFBF9235424A200F6FD3F /* PublisherExtension.swift */ = {isa = PBXFileReference; lastKnownFileType = sourcecode.swift; path = PublisherExtension.swift; sourceTree = "<group>"; };
		02DAFBFB23545B5E00F6FD3F /* LoadingView.swift */ = {isa = PBXFileReference; lastKnownFileType = sourcecode.swift; path = LoadingView.swift; sourceTree = "<group>"; };
		02DAFBFD2355A13F00F6FD3F /* libc++.1.tbd */ = {isa = PBXFileReference; lastKnownFileType = "sourcecode.text-based-dylib-definition"; name = "libc++.1.tbd"; path = "usr/lib/libc++.1.tbd"; sourceTree = SDKROOT; };
		02DAFC002355A86600F6FD3F /* PayReqContainer.swift */ = {isa = PBXFileReference; lastKnownFileType = sourcecode.swift; path = PayReqContainer.swift; sourceTree = "<group>"; };
/* End PBXFileReference section */

/* Begin PBXFrameworksBuildPhase section */
		029840D92350316B008B0CD8 /* Frameworks */ = {
			isa = PBXFrameworksBuildPhase;
			buildActionMask = 2147483647;
			files = (
				02DAFBE523506AFC00F6FD3F /* Foundation.framework in Frameworks */,
				02DAFBED23506B6800F6FD3F /* SystemConfiguration.framework in Frameworks */,
				02DAFBE323506AF300F6FD3F /* CoreTelephony.framework in Frameworks */,
				02DAFBE923506B2F00F6FD3F /* libz.tbd in Frameworks */,
				02DAFBE723506B1700F6FD3F /* libsqlite3.0.tbd in Frameworks */,
				02DAFBE123506AEB00F6FD3F /* CoreGraphics.framework in Frameworks */,
				02DAFBDF23506AE300F6FD3F /* CFNetwork.framework in Frameworks */,
				02DAFBEB23506B5900F6FD3F /* Security.framework in Frameworks */,
				02DAFBDA235032C300F6FD3F /* libWeChatSDK.a in Frameworks */,
				02DAFBEF23506B7100F6FD3F /* UIKit.framework in Frameworks */,
				02DAFBF123506B7600F6FD3F /* WebKit.framework in Frameworks */,
				02DAFBFE2355A14700F6FD3F /* libc++.1.tbd in Frameworks */,
			);
			runOnlyForDeploymentPostprocessing = 0;
		};
/* End PBXFrameworksBuildPhase section */

/* Begin PBXGroup section */
		029840D32350316B008B0CD8 = {
			isa = PBXGroup;
			children = (
				029840DE2350316B008B0CD8 /* WeChatPaySwiftUI */,
				029840DD2350316B008B0CD8 /* Products */,
				02DAFBCF2350327A00F6FD3F /* WeChatPaySwiftUI-Bridging-Header.h */,
				02DAFBDD23506AE200F6FD3F /* Frameworks */,
			);
			sourceTree = "<group>";
		};
		029840DD2350316B008B0CD8 /* Products */ = {
			isa = PBXGroup;
			children = (
				029840DC2350316B008B0CD8 /* WeChatPaySwiftUI.app */,
			);
			name = Products;
			sourceTree = "<group>";
		};
		029840DE2350316B008B0CD8 /* WeChatPaySwiftUI */ = {
			isa = PBXGroup;
			children = (
				02DAFC032355A93600F6FD3F /* Helper */,
				02DAFC022355A92700F6FD3F /* View */,
				02DAFBFF2355A85C00F6FD3F /* Model */,
				02DAFBF423506BE300F6FD3F /* WeChatPaySwiftUI.entitlements */,
				02DAFBD3235032B000F6FD3F /* SDK */,
				029840DF2350316B008B0CD8 /* AppDelegate.swift */,
				029840E12350316B008B0CD8 /* SceneDelegate.swift */,
				029840E32350316B008B0CD8 /* ContentView.swift */,
				029840E52350316D008B0CD8 /* Assets.xcassets */,
				029840EA2350316D008B0CD8 /* LaunchScreen.storyboard */,
				029840ED2350316D008B0CD8 /* Info.plist */,
				029840E72350316D008B0CD8 /* Preview Content */,
			);
			path = WeChatPaySwiftUI;
			sourceTree = "<group>";
		};
		029840E72350316D008B0CD8 /* Preview Content */ = {
			isa = PBXGroup;
			children = (
				029840E82350316D008B0CD8 /* Preview Assets.xcassets */,
			);
			path = "Preview Content";
			sourceTree = "<group>";
		};
		02DAFBD3235032B000F6FD3F /* SDK */ = {
			isa = PBXGroup;
			children = (
				02DAFBD8235032C300F6FD3F /* libWeChatSDK.a */,
				02DAFBD7235032C300F6FD3F /* README.txt */,
				02DAFBD6235032C300F6FD3F /* WechatAuthSDK.h */,
				02DAFBD5235032C300F6FD3F /* WXApi.h */,
				02DAFBD4235032C300F6FD3F /* WXApiObject.h */,
			);
			path = SDK;
			sourceTree = "<group>";
		};
		02DAFBDD23506AE200F6FD3F /* Frameworks */ = {
			isa = PBXGroup;
			children = (
				02DAFBFD2355A13F00F6FD3F /* libc++.1.tbd */,
				02DAFBF223506BB400F6FD3F /* libc++.tbd */,
				02DAFBF023506B7600F6FD3F /* WebKit.framework */,
				02DAFBEE23506B7100F6FD3F /* UIKit.framework */,
				02DAFBEC23506B6800F6FD3F /* SystemConfiguration.framework */,
				02DAFBEA23506B5900F6FD3F /* Security.framework */,
				02DAFBE823506B2300F6FD3F /* libz.tbd */,
				02DAFBE623506B0600F6FD3F /* libsqlite3.0.tbd */,
				02DAFBE423506AFC00F6FD3F /* Foundation.framework */,
				02DAFBE223506AF300F6FD3F /* CoreTelephony.framework */,
				02DAFBE023506AEB00F6FD3F /* CoreGraphics.framework */,
				02DAFBDE23506AE200F6FD3F /* CFNetwork.framework */,
			);
			name = Frameworks;
			sourceTree = "<group>";
		};
		02DAFBFF2355A85C00F6FD3F /* Model */ = {
			isa = PBXGroup;
			children = (
				02DAFBF523541AE200F6FD3F /* ContentViewModel.swift */,
				02DAFC002355A86600F6FD3F /* PayReqContainer.swift */,
			);
			path = Model;
			sourceTree = "<group>";
		};
		02DAFC022355A92700F6FD3F /* View */ = {
			isa = PBXGroup;
			children = (
				02DAFBFB23545B5E00F6FD3F /* LoadingView.swift */,
			);
			path = View;
			sourceTree = "<group>";
		};
		02DAFC032355A93600F6FD3F /* Helper */ = {
			isa = PBXGroup;
			children = (
				02DAFBDB23505EE300F6FD3F /* WXApiHandler.swift */,
				02DAFBF72354246500F6FD3F /* URLSessionExtension.swift */,
				02DAFBF9235424A200F6FD3F /* PublisherExtension.swift */,
			);
			path = Helper;
			sourceTree = "<group>";
		};
/* End PBXGroup section */

/* Begin PBXNativeTarget section */
		029840DB2350316B008B0CD8 /* WeChatPaySwiftUI */ = {
			isa = PBXNativeTarget;
			buildConfigurationList = 029840F02350316D008B0CD8 /* Build configuration list for PBXNativeTarget "WeChatPaySwiftUI" */;
			buildPhases = (
				029840D82350316B008B0CD8 /* Sources */,
				029840D92350316B008B0CD8 /* Frameworks */,
				029840DA2350316B008B0CD8 /* Resources */,
			);
			buildRules = (
			);
			dependencies = (
			);
			name = WeChatPaySwiftUI;
			productName = WeChatPaySwiftUI;
			productReference = 029840DC2350316B008B0CD8 /* WeChatPaySwiftUI.app */;
			productType = "com.apple.product-type.application";
		};
/* End PBXNativeTarget section */

/* Begin PBXProject section */
		029840D42350316B008B0CD8 /* Project object */ = {
			isa = PBXProject;
			attributes = {
				LastSwiftUpdateCheck = 1110;
				LastUpgradeCheck = 1110;
				ORGANIZATIONNAME = hanguang;
				TargetAttributes = {
					029840DB2350316B008B0CD8 = {
						CreatedOnToolsVersion = 11.1;
						LastSwiftMigration = 1110;
					};
				};
			};
			buildConfigurationList = 029840D72350316B008B0CD8 /* Build configuration list for PBXProject "WeChatPaySwiftUI" */;
			compatibilityVersion = "Xcode 9.3";
			developmentRegion = en;
			hasScannedForEncodings = 0;
			knownRegions = (
				en,
				Base,
			);
			mainGroup = 029840D32350316B008B0CD8;
			productRefGroup = 029840DD2350316B008B0CD8 /* Products */;
			projectDirPath = "";
			projectRoot = "";
			targets = (
				029840DB2350316B008B0CD8 /* WeChatPaySwiftUI */,
			);
		};
/* End PBXProject section */

/* Begin PBXResourcesBuildPhase section */
		029840DA2350316B008B0CD8 /* Resources */ = {
			isa = PBXResourcesBuildPhase;
			buildActionMask = 2147483647;
			files = (
				029840EC2350316D008B0CD8 /* LaunchScreen.storyboard in Resources */,
				029840E92350316D008B0CD8 /* Preview Assets.xcassets in Resources */,
				02DAFBD9235032C300F6FD3F /* README.txt in Resources */,
				029840E62350316D008B0CD8 /* Assets.xcassets in Resources */,
			);
			runOnlyForDeploymentPostprocessing = 0;
		};
/* End PBXResourcesBuildPhase section */

/* Begin PBXSourcesBuildPhase section */
		029840D82350316B008B0CD8 /* Sources */ = {
			isa = PBXSourcesBuildPhase;
			buildActionMask = 2147483647;
			files = (
				02DAFBDC23505EE300F6FD3F /* WXApiHandler.swift in Sources */,
				029840E02350316B008B0CD8 /* AppDelegate.swift in Sources */,
				02DAFBF82354246500F6FD3F /* URLSessionExtension.swift in Sources */,
				02DAFC012355A86600F6FD3F /* PayReqContainer.swift in Sources */,
				029840E22350316B008B0CD8 /* SceneDelegate.swift in Sources */,
				029840E42350316B008B0CD8 /* ContentView.swift in Sources */,
				02DAFBFC23545B5E00F6FD3F /* LoadingView.swift in Sources */,
				02DAFBF623541AE200F6FD3F /* ContentViewModel.swift in Sources */,
				02DAFBFA235424A200F6FD3F /* PublisherExtension.swift in Sources */,
			);
			runOnlyForDeploymentPostprocessing = 0;
		};
/* End PBXSourcesBuildPhase section */

/* Begin PBXVariantGroup section */
		029840EA2350316D008B0CD8 /* LaunchScreen.storyboard */ = {
			isa = PBXVariantGroup;
			children = (
				029840EB2350316D008B0CD8 /* Base */,
			);
			name = LaunchScreen.storyboard;
			sourceTree = "<group>";
		};
/* End PBXVariantGroup section */

/* Begin XCBuildConfiguration section */
		029840EE2350316D008B0CD8 /* Debug */ = {
			isa = XCBuildConfiguration;
			buildSettings = {
				ALWAYS_SEARCH_USER_PATHS = NO;
				CLANG_ANALYZER_NONNULL = YES;
				CLANG_ANALYZER_NUMBER_OBJECT_CONVERSION = YES_AGGRESSIVE;
				CLANG_CXX_LANGUAGE_STANDARD = "gnu++14";
				CLANG_CXX_LIBRARY = "libc++";
				CLANG_ENABLE_MODULES = YES;
				CLANG_ENABLE_OBJC_ARC = YES;
				CLANG_ENABLE_OBJC_WEAK = YES;
				CLANG_WARN_BLOCK_CAPTURE_AUTORELEASING = YES;
				CLANG_WARN_BOOL_CONVERSION = YES;
				CLANG_WARN_COMMA = YES;
				CLANG_WARN_CONSTANT_CONVERSION = YES;
				CLANG_WARN_DEPRECATED_OBJC_IMPLEMENTATIONS = YES;
				CLANG_WARN_DIRECT_OBJC_ISA_USAGE = YES_ERROR;
				CLANG_WARN_DOCUMENTATION_COMMENTS = YES;
				CLANG_WARN_EMPTY_BODY = YES;
				CLANG_WARN_ENUM_CONVERSION = YES;
				CLANG_WARN_INFINITE_RECURSION = YES;
				CLANG_WARN_INT_CONVERSION = YES;
				CLANG_WARN_NON_LITERAL_NULL_CONVERSION = YES;
				CLANG_WARN_OBJC_IMPLICIT_RETAIN_SELF = YES;
				CLANG_WARN_OBJC_LITERAL_CONVERSION = YES;
				CLANG_WARN_OBJC_ROOT_CLASS = YES_ERROR;
				CLANG_WARN_RANGE_LOOP_ANALYSIS = YES;
				CLANG_WARN_STRICT_PROTOTYPES = YES;
				CLANG_WARN_SUSPICIOUS_MOVE = YES;
				CLANG_WARN_UNGUARDED_AVAILABILITY = YES_AGGRESSIVE;
				CLANG_WARN_UNREACHABLE_CODE = YES;
				CLANG_WARN__DUPLICATE_METHOD_MATCH = YES;
				COPY_PHASE_STRIP = NO;
				DEBUG_INFORMATION_FORMAT = dwarf;
				ENABLE_STRICT_OBJC_MSGSEND = YES;
				ENABLE_TESTABILITY = YES;
				GCC_C_LANGUAGE_STANDARD = gnu11;
				GCC_DYNAMIC_NO_PIC = NO;
				GCC_NO_COMMON_BLOCKS = YES;
				GCC_OPTIMIZATION_LEVEL = 0;
				GCC_PREPROCESSOR_DEFINITIONS = (
					"DEBUG=1",
					"$(inherited)",
				);
				GCC_WARN_64_TO_32_BIT_CONVERSION = YES;
				GCC_WARN_ABOUT_RETURN_TYPE = YES_ERROR;
				GCC_WARN_UNDECLARED_SELECTOR = YES;
				GCC_WARN_UNINITIALIZED_AUTOS = YES_AGGRESSIVE;
				GCC_WARN_UNUSED_FUNCTION = YES;
				GCC_WARN_UNUSED_VARIABLE = YES;
				IPHONEOS_DEPLOYMENT_TARGET = 13.1;
				MTL_ENABLE_DEBUG_INFO = INCLUDE_SOURCE;
				MTL_FAST_MATH = YES;
				ONLY_ACTIVE_ARCH = YES;
				SDKROOT = iphoneos;
				SWIFT_ACTIVE_COMPILATION_CONDITIONS = DEBUG;
				SWIFT_OPTIMIZATION_LEVEL = "-Onone";
			};
			name = Debug;
		};
		029840EF2350316D008B0CD8 /* Release */ = {
			isa = XCBuildConfiguration;
			buildSettings = {
				ALWAYS_SEARCH_USER_PATHS = NO;
				CLANG_ANALYZER_NONNULL = YES;
				CLANG_ANALYZER_NUMBER_OBJECT_CONVERSION = YES_AGGRESSIVE;
				CLANG_CXX_LANGUAGE_STANDARD = "gnu++14";
				CLANG_CXX_LIBRARY = "libc++";
				CLANG_ENABLE_MODULES = YES;
				CLANG_ENABLE_OBJC_ARC = YES;
				CLANG_ENABLE_OBJC_WEAK = YES;
				CLANG_WARN_BLOCK_CAPTURE_AUTORELEASING = YES;
				CLANG_WARN_BOOL_CONVERSION = YES;
				CLANG_WARN_COMMA = YES;
				CLANG_WARN_CONSTANT_CONVERSION = YES;
				CLANG_WARN_DEPRECATED_OBJC_IMPLEMENTATIONS = YES;
				CLANG_WARN_DIRECT_OBJC_ISA_USAGE = YES_ERROR;
				CLANG_WARN_DOCUMENTATION_COMMENTS = YES;
				CLANG_WARN_EMPTY_BODY = YES;
				CLANG_WARN_ENUM_CONVERSION = YES;
				CLANG_WARN_INFINITE_RECURSION = YES;
				CLANG_WARN_INT_CONVERSION = YES;
				CLANG_WARN_NON_LITERAL_NULL_CONVERSION = YES;
				CLANG_WARN_OBJC_IMPLICIT_RETAIN_SELF = YES;
				CLANG_WARN_OBJC_LITERAL_CONVERSION = YES;
				CLANG_WARN_OBJC_ROOT_CLASS = YES_ERROR;
				CLANG_WARN_RANGE_LOOP_ANALYSIS = YES;
				CLANG_WARN_STRICT_PROTOTYPES = YES;
				CLANG_WARN_SUSPICIOUS_MOVE = YES;
				CLANG_WARN_UNGUARDED_AVAILABILITY = YES_AGGRESSIVE;
				CLANG_WARN_UNREACHABLE_CODE = YES;
				CLANG_WARN__DUPLICATE_METHOD_MATCH = YES;
				COPY_PHASE_STRIP = NO;
				DEBUG_INFORMATION_FORMAT = "dwarf-with-dsym";
				ENABLE_NS_ASSERTIONS = NO;
				ENABLE_STRICT_OBJC_MSGSEND = YES;
				GCC_C_LANGUAGE_STANDARD = gnu11;
				GCC_NO_COMMON_BLOCKS = YES;
				GCC_WARN_64_TO_32_BIT_CONVERSION = YES;
				GCC_WARN_ABOUT_RETURN_TYPE = YES_ERROR;
				GCC_WARN_UNDECLARED_SELECTOR = YES;
				GCC_WARN_UNINITIALIZED_AUTOS = YES_AGGRESSIVE;
				GCC_WARN_UNUSED_FUNCTION = YES;
				GCC_WARN_UNUSED_VARIABLE = YES;
				IPHONEOS_DEPLOYMENT_TARGET = 13.1;
				MTL_ENABLE_DEBUG_INFO = NO;
				MTL_FAST_MATH = YES;
				SDKROOT = iphoneos;
				SWIFT_COMPILATION_MODE = wholemodule;
				SWIFT_OPTIMIZATION_LEVEL = "-O";
				VALIDATE_PRODUCT = YES;
			};
			name = Release;
		};
		029840F12350316D008B0CD8 /* Debug */ = {
			isa = XCBuildConfiguration;
			buildSettings = {
				ASSETCATALOG_COMPILER_APPICON_NAME = AppIcon;
				CLANG_CXX_LANGUAGE_STANDARD = "gnu++14";
				CLANG_CXX_LIBRARY = "libc++";
				CLANG_ENABLE_MODULES = YES;
				CODE_SIGN_ENTITLEMENTS = WeChatPaySwiftUI/WeChatPaySwiftUI.entitlements;
				CODE_SIGN_STYLE = Automatic;
				DEVELOPMENT_ASSET_PATHS = "\"WeChatPaySwiftUI/Preview Content\"";
				DEVELOPMENT_TEAM = 2L4985KKX7;
				ENABLE_PREVIEWS = YES;
				GCC_C_LANGUAGE_STANDARD = gnu11;
				GCC_SYMBOLS_PRIVATE_EXTERN = YES;
				INFOPLIST_FILE = WeChatPaySwiftUI/Info.plist;
				LD_RUNPATH_SEARCH_PATHS = (
					"$(inherited)",
					"@executable_path/Frameworks",
				);
				LIBRARY_SEARCH_PATHS = (
					"$(inherited)",
					"$(PROJECT_DIR)/WeChatPaySwiftUI/SDK",
				);
				OTHER_LDFLAGS = (
					"-Objc",
					"-all_load",
				);
				PRODUCT_BUNDLE_IDENTIFIER = com.hanguang.app.WeChatPay;
				PRODUCT_NAME = "$(TARGET_NAME)";
				SUPPORTS_MACCATALYST = NO;
				SWIFT_OBJC_BRIDGING_HEADER = "WeChatPaySwiftUI-Bridging-Header.h";
				SWIFT_OPTIMIZATION_LEVEL = "-Onone";
				SWIFT_VERSION = 5.0;
				TARGETED_DEVICE_FAMILY = "1,2";
			};
			name = Debug;
		};
		029840F22350316D008B0CD8 /* Release */ = {
			isa = XCBuildConfiguration;
			buildSettings = {
				ASSETCATALOG_COMPILER_APPICON_NAME = AppIcon;
				CLANG_CXX_LANGUAGE_STANDARD = "gnu++14";
				CLANG_CXX_LIBRARY = "libc++";
				CLANG_ENABLE_MODULES = YES;
				CODE_SIGN_ENTITLEMENTS = WeChatPaySwiftUI/WeChatPaySwiftUI.entitlements;
				CODE_SIGN_STYLE = Automatic;
				DEVELOPMENT_ASSET_PATHS = "\"WeChatPaySwiftUI/Preview Content\"";
				DEVELOPMENT_TEAM = 2L4985KKX7;
				ENABLE_PREVIEWS = YES;
				GCC_C_LANGUAGE_STANDARD = gnu11;
				INFOPLIST_FILE = WeChatPaySwiftUI/Info.plist;
				LD_RUNPATH_SEARCH_PATHS = (
					"$(inherited)",
					"@executable_path/Frameworks",
				);
				LIBRARY_SEARCH_PATHS = (
					"$(inherited)",
					"$(PROJECT_DIR)/WeChatPaySwiftUI/SDK",
				);
				OTHER_LDFLAGS = (
					"-Objc",
					"-all_load",
				);
				PRODUCT_BUNDLE_IDENTIFIER = com.hanguang.app.WeChatPay;
				PRODUCT_NAME = "$(TARGET_NAME)";
				SUPPORTS_MACCATALYST = NO;
				SWIFT_OBJC_BRIDGING_HEADER = "WeChatPaySwiftUI-Bridging-Header.h";
				SWIFT_VERSION = 5.0;
				TARGETED_DEVICE_FAMILY = "1,2";
			};
			name = Release;
		};
/* End XCBuildConfiguration section */

/* Begin XCConfigurationList section */
		029840D72350316B008B0CD8 /* Build configuration list for PBXProject "WeChatPaySwiftUI" */ = {
			isa = XCConfigurationList;
			buildConfigurations = (
				029840EE2350316D008B0CD8 /* Debug */,
				029840EF2350316D008B0CD8 /* Release */,
			);
			defaultConfigurationIsVisible = 0;
			defaultConfigurationName = Release;
		};
		029840F02350316D008B0CD8 /* Build configuration list for PBXNativeTarget "WeChatPaySwiftUI" */ = {
			isa = XCConfigurationList;
			buildConfigurations = (
				029840F12350316D008B0CD8 /* Debug */,
				029840F22350316D008B0CD8 /* Release */,
			);
			defaultConfigurationIsVisible = 0;
			defaultConfigurationName = Release;
		};
/* End XCConfigurationList section */
	};
	rootObject = 029840D42350316B008B0CD8 /* Project object */;
}
